
Microsoft Visual Studio Solution File, Format Version 12.00
Project("{2150E333-8FDC-42A3-9474-1A3956D46DE8}") = "SolutionItems", "SolutionItems", "{4A87A426-04B2-4FBB-9DAF-9B57E00BC22E}"
	ProjectSection(SolutionItems) = preProject
		.gitignore = .gitignore
	EndProjectSection
EndProject
Project("{2150E333-8FDC-42A3-9474-1A3956D46DE8}") = "Personal", "Personal", "{4BB508FB-7EEF-4E3E-AE87-46D9A910848A}"
EndProject
Project("{2150E333-8FDC-42A3-9474-1A3956D46DE8}") = "AndrewLock", "AndrewLock", "{BD0D8595-896A-4EF1-A84C-CCBC649A46E6}"
EndProject
Global
	GlobalSection(SolutionConfigurationPlatforms) = preSolution
		Debug|Any CPU = Debug|Any CPU
		Release|Any CPU = Release|Any CPU
	EndGlobalSection
EndGlobal
