
Microsoft Visual Studio Solution File, Format Version 12.00
Project("{2150E333-8FDC-42A3-9474-1A3956D46DE8}") = "SolutionItems", "SolutionItems", "{4A87A426-04B2-4FBB-9DAF-9B57E00BC22E}"
	ProjectSection(SolutionItems) = preProject
		.gitignore = .gitignore
	EndProjectSection
EndProject
Project("{2150E333-8FDC-42A3-9474-1A3956D46DE8}") = "Personal", "Personal", "{4BB508FB-7EEF-4E3E-AE87-46D9A910848A}"
EndProject
Project("{2150E333-8FDC-42A3-9474-1A3956D46DE8}") = "AndrewLock", "AndrewLock", "{BD0D8595-896A-4EF1-A84C-CCBC649A46E6}"
EndProject
Project("{FAE04EC0-301F-11D3-BF4B-00C04F79EFBC}") = "StronglyTypedIds", "StronglyTypedIds\StronglyTypedIds.csproj", "{D82D63AA-52C5-44D3-A893-1BA9112A5EB4}"
EndProject
Global
	GlobalSection(SolutionConfigurationPlatforms) = preSolution
		Debug|Any CPU = Debug|Any CPU
		Release|Any CPU = Release|Any CPU
	EndGlobalSection
	GlobalSection(NestedProjects) = preSolution
		{D82D63AA-52C5-44D3-A893-1BA9112A5EB4} = {BD0D8595-896A-4EF1-A84C-CCBC649A46E6}
	EndGlobalSection
	GlobalSection(ProjectConfigurationPlatforms) = postSolution
		{D82D63AA-52C5-44D3-A893-1BA9112A5EB4}.Debug|Any CPU.ActiveCfg = Debug|Any CPU
		{D82D63AA-52C5-44D3-A893-1BA9112A5EB4}.Debug|Any CPU.Build.0 = Debug|Any CPU
		{D82D63AA-52C5-44D3-A893-1BA9112A5EB4}.Release|Any CPU.ActiveCfg = Release|Any CPU
		{D82D63AA-52C5-44D3-A893-1BA9112A5EB4}.Release|Any CPU.Build.0 = Release|Any CPU
	EndGlobalSection
EndGlobal
